
Microsoft Visual Studio Solution File, Format Version 12.00
# Visual Studio 15
VisualStudioVersion = 15.0.26124.0
MinimumVisualStudioVersion = 15.0.26124.0
Project("{FAE04EC0-301F-11D3-BF4B-00C04F79EFBC}") = "API", "API\API.csproj", "{6E571719-90BD-459B-9F7C-8CCCAE52E4B2}"
EndProject
Project("{FAE04EC0-301F-11D3-BF4B-00C04F79EFBC}") = "Core", "Core\Core.csproj", "{76E1F5A1-C64F-47D8-911D-99A8BB2F0D0F}"
EndProject
Project("{FAE04EC0-301F-11D3-BF4B-00C04F79EFBC}") = "Infrastructure", "Infrastructure\Infrastructure.csproj", "{CFE25254-E590-49E2-AFC4-07AAB7195CBA}"
EndProject
Global
	GlobalSection(SolutionConfigurationPlatforms) = preSolution
		Debug|Any CPU = Debug|Any CPU
		Debug|x64 = Debug|x64
		Debug|x86 = Debug|x86
		Release|Any CPU = Release|Any CPU
		Release|x64 = Release|x64
		Release|x86 = Release|x86
	EndGlobalSection
	GlobalSection(SolutionProperties) = preSolution
		HideSolutionNode = FALSE
	EndGlobalSection
	GlobalSection(ProjectConfigurationPlatforms) = postSolution
		{6E571719-90BD-459B-9F7C-8CCCAE52E4B2}.Debug|Any CPU.ActiveCfg = Debug|Any CPU
		{6E571719-90BD-459B-9F7C-8CCCAE52E4B2}.Debug|Any CPU.Build.0 = Debug|Any CPU
		{6E571719-90BD-459B-9F7C-8CCCAE52E4B2}.Debug|x64.ActiveCfg = Debug|Any CPU
		{6E571719-90BD-459B-9F7C-8CCCAE52E4B2}.Debug|x64.Build.0 = Debug|Any CPU
		{6E571719-90BD-459B-9F7C-8CCCAE52E4B2}.Debug|x86.ActiveCfg = Debug|Any CPU
		{6E571719-90BD-459B-9F7C-8CCCAE52E4B2}.Debug|x86.Build.0 = Debug|Any CPU
		{6E571719-90BD-459B-9F7C-8CCCAE52E4B2}.Release|Any CPU.ActiveCfg = Release|Any CPU
		{6E571719-90BD-459B-9F7C-8CCCAE52E4B2}.Release|Any CPU.Build.0 = Release|Any CPU
		{6E571719-90BD-459B-9F7C-8CCCAE52E4B2}.Release|x64.ActiveCfg = Release|Any CPU
		{6E571719-90BD-459B-9F7C-8CCCAE52E4B2}.Release|x64.Build.0 = Release|Any CPU
		{6E571719-90BD-459B-9F7C-8CCCAE52E4B2}.Release|x86.ActiveCfg = Release|Any CPU
		{6E571719-90BD-459B-9F7C-8CCCAE52E4B2}.Release|x86.Build.0 = Release|Any CPU
		{76E1F5A1-C64F-47D8-911D-99A8BB2F0D0F}.Debug|Any CPU.ActiveCfg = Debug|Any CPU
		{76E1F5A1-C64F-47D8-911D-99A8BB2F0D0F}.Debug|Any CPU.Build.0 = Debug|Any CPU
		{76E1F5A1-C64F-47D8-911D-99A8BB2F0D0F}.Debug|x64.ActiveCfg = Debug|Any CPU
		{76E1F5A1-C64F-47D8-911D-99A8BB2F0D0F}.Debug|x64.Build.0 = Debug|Any CPU
		{76E1F5A1-C64F-47D8-911D-99A8BB2F0D0F}.Debug|x86.ActiveCfg = Debug|Any CPU
		{76E1F5A1-C64F-47D8-911D-99A8BB2F0D0F}.Debug|x86.Build.0 = Debug|Any CPU
		{76E1F5A1-C64F-47D8-911D-99A8BB2F0D0F}.Release|Any CPU.ActiveCfg = Release|Any CPU
		{76E1F5A1-C64F-47D8-911D-99A8BB2F0D0F}.Release|Any CPU.Build.0 = Release|Any CPU
		{76E1F5A1-C64F-47D8-911D-99A8BB2F0D0F}.Release|x64.ActiveCfg = Release|Any CPU
		{76E1F5A1-C64F-47D8-911D-99A8BB2F0D0F}.Release|x64.Build.0 = Release|Any CPU
		{76E1F5A1-C64F-47D8-911D-99A8BB2F0D0F}.Release|x86.ActiveCfg = Release|Any CPU
		{76E1F5A1-C64F-47D8-911D-99A8BB2F0D0F}.Release|x86.Build.0 = Release|Any CPU
		{CFE25254-E590-49E2-AFC4-07AAB7195CBA}.Debug|Any CPU.ActiveCfg = Debug|Any CPU
		{CFE25254-E590-49E2-AFC4-07AAB7195CBA}.Debug|Any CPU.Build.0 = Debug|Any CPU
		{CFE25254-E590-49E2-AFC4-07AAB7195CBA}.Debug|x64.ActiveCfg = Debug|Any CPU
		{CFE25254-E590-49E2-AFC4-07AAB7195CBA}.Debug|x64.Build.0 = Debug|Any CPU
		{CFE25254-E590-49E2-AFC4-07AAB7195CBA}.Debug|x86.ActiveCfg = Debug|Any CPU
		{CFE25254-E590-49E2-AFC4-07AAB7195CBA}.Debug|x86.Build.0 = Debug|Any CPU
		{CFE25254-E590-49E2-AFC4-07AAB7195CBA}.Release|Any CPU.ActiveCfg = Release|Any CPU
		{CFE25254-E590-49E2-AFC4-07AAB7195CBA}.Release|Any CPU.Build.0 = Release|Any CPU
		{CFE25254-E590-49E2-AFC4-07AAB7195CBA}.Release|x64.ActiveCfg = Release|Any CPU
		{CFE25254-E590-49E2-AFC4-07AAB7195CBA}.Release|x64.Build.0 = Release|Any CPU
		{CFE25254-E590-49E2-AFC4-07AAB7195CBA}.Release|x86.ActiveCfg = Release|Any CPU
		{CFE25254-E590-49E2-AFC4-07AAB7195CBA}.Release|x86.Build.0 = Release|Any CPU
	EndGlobalSection
EndGlobal
